
Microsoft Visual Studio Solution File, Format Version 12.00
# Visual Studio Version 16
VisualStudioVersion = 16.0.31205.134
MinimumVisualStudioVersion = 10.0.40219.1
Project("{FAE04EC0-301F-11D3-BF4B-00C04F79EFBC}") = "CetTodoWeb", "CetTodoWeb\CetTodoWeb.csproj", "{990EAFBA-5FC7-41F4-93B1-B013ABACFC3C}"
EndProject
Global
	GlobalSection(SolutionConfigurationPlatforms) = preSolution
		Debug|Any CPU = Debug|Any CPU
		Release|Any CPU = Release|Any CPU
	EndGlobalSection
	GlobalSection(ProjectConfigurationPlatforms) = postSolution
		{990EAFBA-5FC7-41F4-93B1-B013ABACFC3C}.Debug|Any CPU.ActiveCfg = Debug|Any CPU
		{990EAFBA-5FC7-41F4-93B1-B013ABACFC3C}.Debug|Any CPU.Build.0 = Debug|Any CPU
		{990EAFBA-5FC7-41F4-93B1-B013ABACFC3C}.Release|Any CPU.ActiveCfg = Release|Any CPU
		{990EAFBA-5FC7-41F4-93B1-B013ABACFC3C}.Release|Any CPU.Build.0 = Release|Any CPU
	EndGlobalSection
	GlobalSection(SolutionProperties) = preSolution
		HideSolutionNode = FALSE
	EndGlobalSection
	GlobalSection(ExtensibilityGlobals) = postSolution
		SolutionGuid = {B7BF8413-26E9-4D9C-B227-29E6D12B23A9}
	EndGlobalSection
EndGlobal
